
Microsoft Visual Studio Solution File, Format Version 12.00
# Visual Studio Version 17
VisualStudioVersion = 17.9.34622.214
MinimumVisualStudioVersion = 10.0.40219.1
Project("{9A19103F-16F7-4668-BE54-9A1E7A4F7556}") = "MaterializedViewProcessor", "MaterializedViewProcessor.csproj", "{D46904DD-0B4C-448C-8826-FB6A9AB1C826}"
EndProject
Global
	GlobalSection(SolutionConfigurationPlatforms) = preSolution
		Debug|Any CPU = Debug|Any CPU
		Release|Any CPU = Release|Any CPU
	EndGlobalSection
	GlobalSection(ProjectConfigurationPlatforms) = postSolution
		{D46904DD-0B4C-448C-8826-FB6A9AB1C826}.Debug|Any CPU.ActiveCfg = Debug|Any CPU
		{D46904DD-0B4C-448C-8826-FB6A9AB1C826}.Debug|Any CPU.Build.0 = Debug|Any CPU
		{D46904DD-0B4C-448C-8826-FB6A9AB1C826}.Release|Any CPU.ActiveCfg = Release|Any CPU
		{D46904DD-0B4C-448C-8826-FB6A9AB1C826}.Release|Any CPU.Build.0 = Release|Any CPU
	EndGlobalSection
	GlobalSection(SolutionProperties) = preSolution
		HideSolutionNode = FALSE
	EndGlobalSection
	GlobalSection(ExtensibilityGlobals) = postSolution
		SolutionGuid = {8CAF4DB1-BFAC-47CC-9AE8-963B47DE75B3}
	EndGlobalSection
EndGlobal
